
Microsoft Visual Studio Solution File, Format Version 12.00
# Visual Studio 15
VisualStudioVersion = 15.0.28307.1145
MinimumVisualStudioVersion = 10.0.40219.1
Project("{FAE04EC0-301F-11D3-BF4B-00C04F79EFBC}") = "MiprimerProyecto.Android", "MiprimerProyecto\MiprimerProyecto.Android\MiprimerProyecto.Android.csproj", "{003C2443-E456-49D2-80BD-7BAA6D2AAFC8}"
EndProject
Project("{FAE04EC0-301F-11D3-BF4B-00C04F79EFBC}") = "MiprimerProyecto.iOS", "MiprimerProyecto\MiprimerProyecto.iOS\MiprimerProyecto.iOS.csproj", "{AA7759B9-48AF-47A5-A330-D500042846FF}"
EndProject
Project("{FAE04EC0-301F-11D3-BF4B-00C04F79EFBC}") = "MiprimerProyecto", "MiprimerProyecto\MiprimerProyecto\MiprimerProyecto.csproj", "{8864D2BC-5C34-4DAB-A698-59A89627933A}"
EndProject
Global
	GlobalSection(SolutionConfigurationPlatforms) = preSolution
		Ad-Hoc|Any CPU = Ad-Hoc|Any CPU
		Ad-Hoc|iPhone = Ad-Hoc|iPhone
		Ad-Hoc|iPhoneSimulator = Ad-Hoc|iPhoneSimulator
		AppStore|Any CPU = AppStore|Any CPU
		AppStore|iPhone = AppStore|iPhone
		AppStore|iPhoneSimulator = AppStore|iPhoneSimulator
		Debug|Any CPU = Debug|Any CPU
		Debug|iPhone = Debug|iPhone
		Debug|iPhoneSimulator = Debug|iPhoneSimulator
		Release|Any CPU = Release|Any CPU
		Release|iPhone = Release|iPhone
		Release|iPhoneSimulator = Release|iPhoneSimulator
	EndGlobalSection
	GlobalSection(ProjectConfigurationPlatforms) = postSolution
		{003C2443-E456-49D2-80BD-7BAA6D2AAFC8}.Ad-Hoc|Any CPU.ActiveCfg = Release|Any CPU
		{003C2443-E456-49D2-80BD-7BAA6D2AAFC8}.Ad-Hoc|Any CPU.Build.0 = Release|Any CPU
		{003C2443-E456-49D2-80BD-7BAA6D2AAFC8}.Ad-Hoc|Any CPU.Deploy.0 = Release|Any CPU
		{003C2443-E456-49D2-80BD-7BAA6D2AAFC8}.Ad-Hoc|iPhone.ActiveCfg = Release|Any CPU
		{003C2443-E456-49D2-80BD-7BAA6D2AAFC8}.Ad-Hoc|iPhone.Build.0 = Release|Any CPU
		{003C2443-E456-49D2-80BD-7BAA6D2AAFC8}.Ad-Hoc|iPhone.Deploy.0 = Release|Any CPU
		{003C2443-E456-49D2-80BD-7BAA6D2AAFC8}.Ad-Hoc|iPhoneSimulator.ActiveCfg = Release|Any CPU
		{003C2443-E456-49D2-80BD-7BAA6D2AAFC8}.Ad-Hoc|iPhoneSimulator.Build.0 = Release|Any CPU
		{003C2443-E456-49D2-80BD-7BAA6D2AAFC8}.Ad-Hoc|iPhoneSimulator.Deploy.0 = Release|Any CPU
		{003C2443-E456-49D2-80BD-7BAA6D2AAFC8}.AppStore|Any CPU.ActiveCfg = Release|Any CPU
		{003C2443-E456-49D2-80BD-7BAA6D2AAFC8}.AppStore|Any CPU.Build.0 = Release|Any CPU
		{003C2443-E456-49D2-80BD-7BAA6D2AAFC8}.AppStore|Any CPU.Deploy.0 = Release|Any CPU
		{003C2443-E456-49D2-80BD-7BAA6D2AAFC8}.AppStore|iPhone.ActiveCfg = Release|Any CPU
		{003C2443-E456-49D2-80BD-7BAA6D2AAFC8}.AppStore|iPhone.Build.0 = Release|Any CPU
		{003C2443-E456-49D2-80BD-7BAA6D2AAFC8}.AppStore|iPhone.Deploy.0 = Release|Any CPU
		{003C2443-E456-49D2-80BD-7BAA6D2AAFC8}.AppStore|iPhoneSimulator.ActiveCfg = Release|Any CPU
		{003C2443-E456-49D2-80BD-7BAA6D2AAFC8}.AppStore|iPhoneSimulator.Build.0 = Release|Any CPU
		{003C2443-E456-49D2-80BD-7BAA6D2AAFC8}.AppStore|iPhoneSimulator.Deploy.0 = Release|Any CPU
		{003C2443-E456-49D2-80BD-7BAA6D2AAFC8}.Debug|Any CPU.ActiveCfg = Debug|Any CPU
		{003C2443-E456-49D2-80BD-7BAA6D2AAFC8}.Debug|Any CPU.Build.0 = Debug|Any CPU
		{003C2443-E456-49D2-80BD-7BAA6D2AAFC8}.Debug|Any CPU.Deploy.0 = Debug|Any CPU
		{003C2443-E456-49D2-80BD-7BAA6D2AAFC8}.Debug|iPhone.ActiveCfg = Debug|Any CPU
		{003C2443-E456-49D2-80BD-7BAA6D2AAFC8}.Debug|iPhone.Build.0 = Debug|Any CPU
		{003C2443-E456-49D2-80BD-7BAA6D2AAFC8}.Debug|iPhone.Deploy.0 = Debug|Any CPU
		{003C2443-E456-49D2-80BD-7BAA6D2AAFC8}.Debug|iPhoneSimulator.ActiveCfg = Debug|Any CPU
		{003C2443-E456-49D2-80BD-7BAA6D2AAFC8}.Debug|iPhoneSimulator.Build.0 = Debug|Any CPU
		{003C2443-E456-49D2-80BD-7BAA6D2AAFC8}.Debug|iPhoneSimulator.Deploy.0 = Debug|Any CPU
		{003C2443-E456-49D2-80BD-7BAA6D2AAFC8}.Release|Any CPU.ActiveCfg = Release|Any CPU
		{003C2443-E456-49D2-80BD-7BAA6D2AAFC8}.Release|Any CPU.Build.0 = Release|Any CPU
		{003C2443-E456-49D2-80BD-7BAA6D2AAFC8}.Release|Any CPU.Deploy.0 = Release|Any CPU
		{003C2443-E456-49D2-80BD-7BAA6D2AAFC8}.Release|iPhone.ActiveCfg = Release|Any CPU
		{003C2443-E456-49D2-80BD-7BAA6D2AAFC8}.Release|iPhone.Build.0 = Release|Any CPU
		{003C2443-E456-49D2-80BD-7BAA6D2AAFC8}.Release|iPhone.Deploy.0 = Release|Any CPU
		{003C2443-E456-49D2-80BD-7BAA6D2AAFC8}.Release|iPhoneSimulator.ActiveCfg = Release|Any CPU
		{003C2443-E456-49D2-80BD-7BAA6D2AAFC8}.Release|iPhoneSimulator.Build.0 = Release|Any CPU
		{003C2443-E456-49D2-80BD-7BAA6D2AAFC8}.Release|iPhoneSimulator.Deploy.0 = Release|Any CPU
		{AA7759B9-48AF-47A5-A330-D500042846FF}.Ad-Hoc|Any CPU.ActiveCfg = Ad-Hoc|iPhone
		{AA7759B9-48AF-47A5-A330-D500042846FF}.Ad-Hoc|Any CPU.Build.0 = Ad-Hoc|iPhone
		{AA7759B9-48AF-47A5-A330-D500042846FF}.Ad-Hoc|Any CPU.Deploy.0 = Ad-Hoc|iPhone
		{AA7759B9-48AF-47A5-A330-D500042846FF}.Ad-Hoc|iPhone.ActiveCfg = Ad-Hoc|iPhone
		{AA7759B9-48AF-47A5-A330-D500042846FF}.Ad-Hoc|iPhone.Build.0 = Ad-Hoc|iPhone
		{AA7759B9-48AF-47A5-A330-D500042846FF}.Ad-Hoc|iPhone.Deploy.0 = Ad-Hoc|iPhone
		{AA7759B9-48AF-47A5-A330-D500042846FF}.Ad-Hoc|iPhoneSimulator.ActiveCfg = Ad-Hoc|iPhoneSimulator
		{AA7759B9-48AF-47A5-A330-D500042846FF}.Ad-Hoc|iPhoneSimulator.Build.0 = Ad-Hoc|iPhoneSimulator
		{AA7759B9-48AF-47A5-A330-D500042846FF}.Ad-Hoc|iPhoneSimulator.Deploy.0 = Ad-Hoc|iPhoneSimulator
		{AA7759B9-48AF-47A5-A330-D500042846FF}.AppStore|Any CPU.ActiveCfg = AppStore|iPhone
		{AA7759B9-48AF-47A5-A330-D500042846FF}.AppStore|Any CPU.Build.0 = AppStore|iPhone
		{AA7759B9-48AF-47A5-A330-D500042846FF}.AppStore|Any CPU.Deploy.0 = AppStore|iPhone
		{AA7759B9-48AF-47A5-A330-D500042846FF}.AppStore|iPhone.ActiveCfg = AppStore|iPhone
		{AA7759B9-48AF-47A5-A330-D500042846FF}.AppStore|iPhone.Build.0 = AppStore|iPhone
		{AA7759B9-48AF-47A5-A330-D500042846FF}.AppStore|iPhone.Deploy.0 = AppStore|iPhone
		{AA7759B9-48AF-47A5-A330-D500042846FF}.AppStore|iPhoneSimulator.ActiveCfg = AppStore|iPhoneSimulator
		{AA7759B9-48AF-47A5-A330-D500042846FF}.AppStore|iPhoneSimulator.Build.0 = AppStore|iPhoneSimulator
		{AA7759B9-48AF-47A5-A330-D500042846FF}.AppStore|iPhoneSimulator.Deploy.0 = AppStore|iPhoneSimulator
		{AA7759B9-48AF-47A5-A330-D500042846FF}.Debug|Any CPU.ActiveCfg = Debug|iPhoneSimulator
		{AA7759B9-48AF-47A5-A330-D500042846FF}.Debug|Any CPU.Build.0 = Debug|iPhoneSimulator
		{AA7759B9-48AF-47A5-A330-D500042846FF}.Debug|Any CPU.Deploy.0 = Debug|iPhoneSimulator
		{AA7759B9-48AF-47A5-A330-D500042846FF}.Debug|iPhone.ActiveCfg = Debug|iPhone
		{AA7759B9-48AF-47A5-A330-D500042846FF}.Debug|iPhone.Build.0 = Debug|iPhone
		{AA7759B9-48AF-47A5-A330-D500042846FF}.Debug|iPhone.Deploy.0 = Debug|iPhone
		{AA7759B9-48AF-47A5-A330-D500042846FF}.Debug|iPhoneSimulator.ActiveCfg = Debug|iPhoneSimulator
		{AA7759B9-48AF-47A5-A330-D500042846FF}.Debug|iPhoneSimulator.Build.0 = Debug|iPhoneSimulator
		{AA7759B9-48AF-47A5-A330-D500042846FF}.Debug|iPhoneSimulator.Deploy.0 = Debug|iPhoneSimulator
		{AA7759B9-48AF-47A5-A330-D500042846FF}.Release|Any CPU.ActiveCfg = Release|iPhone
		{AA7759B9-48AF-47A5-A330-D500042846FF}.Release|Any CPU.Build.0 = Release|iPhone
		{AA7759B9-48AF-47A5-A330-D500042846FF}.Release|Any CPU.Deploy.0 = Release|iPhone
		{AA7759B9-48AF-47A5-A330-D500042846FF}.Release|iPhone.ActiveCfg = Release|iPhone
		{AA7759B9-48AF-47A5-A330-D500042846FF}.Release|iPhone.Build.0 = Release|iPhone
		{AA7759B9-48AF-47A5-A330-D500042846FF}.Release|iPhone.Deploy.0 = Release|iPhone
		{AA7759B9-48AF-47A5-A330-D500042846FF}.Release|iPhoneSimulator.ActiveCfg = Release|iPhoneSimulator
		{AA7759B9-48AF-47A5-A330-D500042846FF}.Release|iPhoneSimulator.Build.0 = Release|iPhoneSimulator
		{AA7759B9-48AF-47A5-A330-D500042846FF}.Release|iPhoneSimulator.Deploy.0 = Release|iPhoneSimulator
		{8864D2BC-5C34-4DAB-A698-59A89627933A}.Ad-Hoc|Any CPU.ActiveCfg = Debug|Any CPU
		{8864D2BC-5C34-4DAB-A698-59A89627933A}.Ad-Hoc|Any CPU.Build.0 = Debug|Any CPU
		{8864D2BC-5C34-4DAB-A698-59A89627933A}.Ad-Hoc|Any CPU.Deploy.0 = Debug|Any CPU
		{8864D2BC-5C34-4DAB-A698-59A89627933A}.Ad-Hoc|iPhone.ActiveCfg = Debug|Any CPU
		{8864D2BC-5C34-4DAB-A698-59A89627933A}.Ad-Hoc|iPhone.Build.0 = Debug|Any CPU
		{8864D2BC-5C34-4DAB-A698-59A89627933A}.Ad-Hoc|iPhone.Deploy.0 = Debug|Any CPU
		{8864D2BC-5C34-4DAB-A698-59A89627933A}.Ad-Hoc|iPhoneSimulator.ActiveCfg = Debug|Any CPU
		{8864D2BC-5C34-4DAB-A698-59A89627933A}.Ad-Hoc|iPhoneSimulator.Build.0 = Debug|Any CPU
		{8864D2BC-5C34-4DAB-A698-59A89627933A}.Ad-Hoc|iPhoneSimulator.Deploy.0 = Debug|Any CPU
		{8864D2BC-5C34-4DAB-A698-59A89627933A}.AppStore|Any CPU.ActiveCfg = Debug|Any CPU
		{8864D2BC-5C34-4DAB-A698-59A89627933A}.AppStore|Any CPU.Build.0 = Debug|Any CPU
		{8864D2BC-5C34-4DAB-A698-59A89627933A}.AppStore|Any CPU.Deploy.0 = Debug|Any CPU
		{8864D2BC-5C34-4DAB-A698-59A89627933A}.AppStore|iPhone.ActiveCfg = Debug|Any CPU
		{8864D2BC-5C34-4DAB-A698-59A89627933A}.AppStore|iPhone.Build.0 = Debug|Any CPU
		{8864D2BC-5C34-4DAB-A698-59A89627933A}.AppStore|iPhone.Deploy.0 = Debug|Any CPU
		{8864D2BC-5C34-4DAB-A698-59A89627933A}.AppStore|iPhoneSimulator.ActiveCfg = Debug|Any CPU
		{8864D2BC-5C34-4DAB-A698-59A89627933A}.AppStore|iPhoneSimulator.Build.0 = Debug|Any CPU
		{8864D2BC-5C34-4DAB-A698-59A89627933A}.AppStore|iPhoneSimulator.Deploy.0 = Debug|Any CPU
		{8864D2BC-5C34-4DAB-A698-59A89627933A}.Debug|Any CPU.ActiveCfg = Debug|Any CPU
		{8864D2BC-5C34-4DAB-A698-59A89627933A}.Debug|Any CPU.Build.0 = Debug|Any CPU
		{8864D2BC-5C34-4DAB-A698-59A89627933A}.Debug|Any CPU.Deploy.0 = Debug|Any CPU
		{8864D2BC-5C34-4DAB-A698-59A89627933A}.Debug|iPhone.ActiveCfg = Debug|Any CPU
		{8864D2BC-5C34-4DAB-A698-59A89627933A}.Debug|iPhone.Build.0 = Debug|Any CPU
		{8864D2BC-5C34-4DAB-A698-59A89627933A}.Debug|iPhone.Deploy.0 = Debug|Any CPU
		{8864D2BC-5C34-4DAB-A698-59A89627933A}.Debug|iPhoneSimulator.ActiveCfg = Debug|Any CPU
		{8864D2BC-5C34-4DAB-A698-59A89627933A}.Debug|iPhoneSimulator.Build.0 = Debug|Any CPU
		{8864D2BC-5C34-4DAB-A698-59A89627933A}.Debug|iPhoneSimulator.Deploy.0 = Debug|Any CPU
		{8864D2BC-5C34-4DAB-A698-59A89627933A}.Release|Any CPU.ActiveCfg = Release|Any CPU
		{8864D2BC-5C34-4DAB-A698-59A89627933A}.Release|Any CPU.Build.0 = Release|Any CPU
		{8864D2BC-5C34-4DAB-A698-59A89627933A}.Release|Any CPU.Deploy.0 = Release|Any CPU
		{8864D2BC-5C34-4DAB-A698-59A89627933A}.Release|iPhone.ActiveCfg = Release|Any CPU
		{8864D2BC-5C34-4DAB-A698-59A89627933A}.Release|iPhone.Build.0 = Release|Any CPU
		{8864D2BC-5C34-4DAB-A698-59A89627933A}.Release|iPhone.Deploy.0 = Release|Any CPU
		{8864D2BC-5C34-4DAB-A698-59A89627933A}.Release|iPhoneSimulator.ActiveCfg = Release|Any CPU
		{8864D2BC-5C34-4DAB-A698-59A89627933A}.Release|iPhoneSimulator.Build.0 = Release|Any CPU
		{8864D2BC-5C34-4DAB-A698-59A89627933A}.Release|iPhoneSimulator.Deploy.0 = Release|Any CPU
	EndGlobalSection
	GlobalSection(SolutionProperties) = preSolution
		HideSolutionNode = FALSE
	EndGlobalSection
	GlobalSection(ExtensibilityGlobals) = postSolution
		SolutionGuid = {04EA3E70-0ABD-40C2-896A-48CA1CB88846}
	EndGlobalSection
EndGlobal
